
Microsoft Visual Studio Solution File, Format Version 12.00
# Visual Studio Version 16
VisualStudioVersion = 16.0.32228.343
MinimumVisualStudioVersion = 10.0.40219.1
Project("{2150E333-8FDC-42A3-9474-1A3956D46DE8}") = "Chapter02", "Chapter02", "{172B89A3-18E5-4897-A41A-951D270DE1A7}"
EndProject
Project("{FAE04EC0-301F-11D3-BF4B-00C04F79EFBC}") = "DistanceConverter", "Chapter02\DistanceConverter\DistanceConverter.csproj", "{617B52C2-C5EA-4D63-8024-1EC66286FDA4}"
EndProject
Project("{FAE04EC0-301F-11D3-BF4B-00C04F79EFBC}") = "SalesCaluculator", "Chapter02\SalesCaluculator\SalesCaluculator.csproj", "{C3A337DB-2175-4E89-8C43-FAECD952B684}"
EndProject
Project("{FAE04EC0-301F-11D3-BF4B-00C04F79EFBC}") = "Exercise", "Chapter02\Exercise\Exercise.csproj", "{E808DEEC-0F88-410D-A408-BFF16816D3B7}"
EndProject
Global
	GlobalSection(SolutionConfigurationPlatforms) = preSolution
		Debug|Any CPU = Debug|Any CPU
		Release|Any CPU = Release|Any CPU
	EndGlobalSection
	GlobalSection(ProjectConfigurationPlatforms) = postSolution
		{617B52C2-C5EA-4D63-8024-1EC66286FDA4}.Debug|Any CPU.ActiveCfg = Debug|Any CPU
		{617B52C2-C5EA-4D63-8024-1EC66286FDA4}.Debug|Any CPU.Build.0 = Debug|Any CPU
		{617B52C2-C5EA-4D63-8024-1EC66286FDA4}.Release|Any CPU.ActiveCfg = Release|Any CPU
		{617B52C2-C5EA-4D63-8024-1EC66286FDA4}.Release|Any CPU.Build.0 = Release|Any CPU
		{C3A337DB-2175-4E89-8C43-FAECD952B684}.Debug|Any CPU.ActiveCfg = Debug|Any CPU
		{C3A337DB-2175-4E89-8C43-FAECD952B684}.Debug|Any CPU.Build.0 = Debug|Any CPU
		{C3A337DB-2175-4E89-8C43-FAECD952B684}.Release|Any CPU.ActiveCfg = Release|Any CPU
		{C3A337DB-2175-4E89-8C43-FAECD952B684}.Release|Any CPU.Build.0 = Release|Any CPU
		{E808DEEC-0F88-410D-A408-BFF16816D3B7}.Debug|Any CPU.ActiveCfg = Debug|Any CPU
		{E808DEEC-0F88-410D-A408-BFF16816D3B7}.Debug|Any CPU.Build.0 = Debug|Any CPU
		{E808DEEC-0F88-410D-A408-BFF16816D3B7}.Release|Any CPU.ActiveCfg = Release|Any CPU
		{E808DEEC-0F88-410D-A408-BFF16816D3B7}.Release|Any CPU.Build.0 = Release|Any CPU
	EndGlobalSection
	GlobalSection(SolutionProperties) = preSolution
		HideSolutionNode = FALSE
	EndGlobalSection
	GlobalSection(NestedProjects) = preSolution
		{617B52C2-C5EA-4D63-8024-1EC66286FDA4} = {172B89A3-18E5-4897-A41A-951D270DE1A7}
		{C3A337DB-2175-4E89-8C43-FAECD952B684} = {172B89A3-18E5-4897-A41A-951D270DE1A7}
		{E808DEEC-0F88-410D-A408-BFF16816D3B7} = {172B89A3-18E5-4897-A41A-951D270DE1A7}
	EndGlobalSection
	GlobalSection(ExtensibilityGlobals) = postSolution
		SolutionGuid = {7CE99FCD-730F-486C-B9A3-6574C40AE9EA}
	EndGlobalSection
EndGlobal
