
Microsoft Visual Studio Solution File, Format Version 12.00
# Visual Studio Version 16
VisualStudioVersion = 16.0.32228.343
MinimumVisualStudioVersion = 10.0.40219.1
Project("{2150E333-8FDC-42A3-9474-1A3956D46DE8}") = "Chapter02", "Chapter02", "{172B89A3-18E5-4897-A41A-951D270DE1A7}"
EndProject
Project("{FAE04EC0-301F-11D3-BF4B-00C04F79EFBC}") = "DistanceConverter", "Chapter02\DistanceConverter\DistanceConverter.csproj", "{617B52C2-C5EA-4D63-8024-1EC66286FDA4}"
EndProject
Project("{FAE04EC0-301F-11D3-BF4B-00C04F79EFBC}") = "SalesCaluculator", "Chapter02\SalesCaluculator\SalesCaluculator.csproj", "{C3A337DB-2175-4E89-8C43-FAECD952B684}"
EndProject
Project("{FAE04EC0-301F-11D3-BF4B-00C04F79EFBC}") = "Exercise", "Chapter02\Exercise\Exercise.csproj", "{E808DEEC-0F88-410D-A408-BFF16816D3B7}"
EndProject
Project("{FAE04EC0-301F-11D3-BF4B-00C04F79EFBC}") = "Exercise02", "Chapter02\Exercise02\Exercise02.csproj", "{701CC0CE-0001-44DA-BA48-D0B4C32F3A4E}"
EndProject
Project("{FAE04EC0-301F-11D3-BF4B-00C04F79EFBC}") = "Exercise03", "Chapter02\Exercise03\Exercise03.csproj", "{3B0B49AA-E0C9-4841-B445-50D3F4017D6F}"
EndProject
Project("{2150E333-8FDC-42A3-9474-1A3956D46DE8}") = "Chapter03", "Chapter03", "{60D665AA-59D2-472C-B50E-83E5EF4B0D7D}"
EndProject
Project("{FAE04EC0-301F-11D3-BF4B-00C04F79EFBC}") = "Section01", "Chapter03\Section01\Section01.csproj", "{524C4340-B6A2-46E8-AD1D-2264A6B3759B}"
EndProject
Project("{FAE04EC0-301F-11D3-BF4B-00C04F79EFBC}") = "Exercise01", "Chapter03\Exercise01\Exercise01.csproj", "{F34F6B87-934F-48FC-8CEF-C89C1948FB9E}"
EndProject
Project("{FAE04EC0-301F-11D3-BF4B-00C04F79EFBC}") = "Section04", "Chapter03\Section04\Section04.csproj", "{2C9035B1-999B-4526-8949-6F1F8AF26786}"
EndProject
Project("{FAE04EC0-301F-11D3-BF4B-00C04F79EFBC}") = "Exercise02", "Chapter03\Exercise02\Exercise02.csproj", "{355E4FC3-43CF-403F-80F4-A3355C79728F}"
EndProject
Project("{2150E333-8FDC-42A3-9474-1A3956D46DE8}") = "Chapter04", "Chapter04", "{F5276E0E-F924-4C33-AA95-52B7D9C33CD0}"
EndProject
Project("{FAE04EC0-301F-11D3-BF4B-00C04F79EFBC}") = "Exercise01", "Chapter04\Exercise01\Exercise01.csproj", "{CF66B220-5D1E-4565-A3A5-EB23271C2C9C}"
EndProject
Project("{FAE04EC0-301F-11D3-BF4B-00C04F79EFBC}") = "Exercise02", "Chapter04\Exercise02\Exercise02.csproj", "{6AB67DAF-D832-4771-96A5-77E859E1F33D}"
EndProject
Project("{2150E333-8FDC-42A3-9474-1A3956D46DE8}") = "Chapter05", "Chapter05", "{05CC4381-6906-4812-AF20-B807C5024842}"
EndProject
Project("{FAE04EC0-301F-11D3-BF4B-00C04F79EFBC}") = "Exercise01", "Chapter05\Exercise01\Exercise01.csproj", "{6F451ECC-0DE3-42BD-9FC9-FF503993CE67}"
EndProject
Project("{FAE04EC0-301F-11D3-BF4B-00C04F79EFBC}") = "Exercise02", "Chapter05\Exercise02\Exercise02.csproj", "{5DB169C7-33E8-4A34-9D09-5F51DBA1F03A}"
EndProject
Project("{FAE04EC0-301F-11D3-BF4B-00C04F79EFBC}") = "Exercise03", "Chapter05\Exercise03\Exercise03.csproj", "{92D57073-8D66-48B6-ACEC-A794509CF3DB}"
EndProject
Project("{FAE04EC0-301F-11D3-BF4B-00C04F79EFBC}") = "Exercise04", "Chapter05\Exercise04\Exercise04.csproj", "{66950838-FB18-469F-B4D1-53ADE289A45B}"
EndProject
Project("{2150E333-8FDC-42A3-9474-1A3956D46DE8}") = "Chapter06", "Chapter06", "{CBE922C4-271D-4141-9881-6AF1A9C77A12}"
EndProject
Project("{FAE04EC0-301F-11D3-BF4B-00C04F79EFBC}") = "Exercise01", "Chapter06\Exercise01\Exercise01.csproj", "{90FF1E65-A424-48D2-BABC-3F229EC470E0}"
EndProject
Project("{FAE04EC0-301F-11D3-BF4B-00C04F79EFBC}") = "Exercise02", "Chapter06\Exercise02\Exercise02.csproj", "{08B3D5F8-9485-4E25-BC0B-A097D60E11F1}"
EndProject
Project("{2150E333-8FDC-42A3-9474-1A3956D46DE8}") = "FormAppSample", "FormAppSample", "{2A18FA80-1817-4E09-B1BF-DBADB563553B}"
EndProject
Project("{FAE04EC0-301F-11D3-BF4B-00C04F79EFBC}") = "Sample0603", "FormAppSample\Sample0603\Sample0603.csproj", "{2C6D8FB4-0242-44CF-8A26-50471B10D8EB}"
EndProject
Project("{FAE04EC0-301F-11D3-BF4B-00C04F79EFBC}") = "Sample0607", "FormAppSample\Sample0607\Sample0607.csproj", "{E0C9B045-8D66-45F6-A48C-BDB35486DE0E}"
EndProject
Project("{FAE04EC0-301F-11D3-BF4B-00C04F79EFBC}") = "NumberGame", "FormAppSample\NumberGame\NumberGame.csproj", "{1F06F5EE-5264-42D3-832D-11A6567DCF51}"
EndProject
Project("{FAE04EC0-301F-11D3-BF4B-00C04F79EFBC}") = "AddresBook", "FormAppSample\AddresBook\AddresBook.csproj", "{A9253E80-963D-4CCE-8B48-394BBA288CB5}"
EndProject
Project("{2150E333-8FDC-42A3-9474-1A3956D46DE8}") = "Test202206", "Test202206", "{3A3BDEE7-EAB3-40DA-8F98-7EF75E9430C6}"
EndProject
Project("{FAE04EC0-301F-11D3-BF4B-00C04F79EFBC}") = "Test01", "Test202206\TestProject\Test01\Test01.csproj", "{2BFACDC3-F44D-4199-8498-F5C3C4AC0335}"
EndProject
Project("{FAE04EC0-301F-11D3-BF4B-00C04F79EFBC}") = "Test02", "Test202206\TestProject\Test02\Test02.csproj", "{E461C0A8-8900-485C-B520-E929BA33F712}"
EndProject
Global
	GlobalSection(SolutionConfigurationPlatforms) = preSolution
		Debug|Any CPU = Debug|Any CPU
		Release|Any CPU = Release|Any CPU
	EndGlobalSection
	GlobalSection(ProjectConfigurationPlatforms) = postSolution
		{617B52C2-C5EA-4D63-8024-1EC66286FDA4}.Debug|Any CPU.ActiveCfg = Debug|Any CPU
		{617B52C2-C5EA-4D63-8024-1EC66286FDA4}.Debug|Any CPU.Build.0 = Debug|Any CPU
		{617B52C2-C5EA-4D63-8024-1EC66286FDA4}.Release|Any CPU.ActiveCfg = Release|Any CPU
		{617B52C2-C5EA-4D63-8024-1EC66286FDA4}.Release|Any CPU.Build.0 = Release|Any CPU
		{C3A337DB-2175-4E89-8C43-FAECD952B684}.Debug|Any CPU.ActiveCfg = Debug|Any CPU
		{C3A337DB-2175-4E89-8C43-FAECD952B684}.Debug|Any CPU.Build.0 = Debug|Any CPU
		{C3A337DB-2175-4E89-8C43-FAECD952B684}.Release|Any CPU.ActiveCfg = Release|Any CPU
		{C3A337DB-2175-4E89-8C43-FAECD952B684}.Release|Any CPU.Build.0 = Release|Any CPU
		{E808DEEC-0F88-410D-A408-BFF16816D3B7}.Debug|Any CPU.ActiveCfg = Debug|Any CPU
		{E808DEEC-0F88-410D-A408-BFF16816D3B7}.Debug|Any CPU.Build.0 = Debug|Any CPU
		{E808DEEC-0F88-410D-A408-BFF16816D3B7}.Release|Any CPU.ActiveCfg = Release|Any CPU
		{E808DEEC-0F88-410D-A408-BFF16816D3B7}.Release|Any CPU.Build.0 = Release|Any CPU
		{701CC0CE-0001-44DA-BA48-D0B4C32F3A4E}.Debug|Any CPU.ActiveCfg = Debug|Any CPU
		{701CC0CE-0001-44DA-BA48-D0B4C32F3A4E}.Debug|Any CPU.Build.0 = Debug|Any CPU
		{701CC0CE-0001-44DA-BA48-D0B4C32F3A4E}.Release|Any CPU.ActiveCfg = Release|Any CPU
		{701CC0CE-0001-44DA-BA48-D0B4C32F3A4E}.Release|Any CPU.Build.0 = Release|Any CPU
		{3B0B49AA-E0C9-4841-B445-50D3F4017D6F}.Debug|Any CPU.ActiveCfg = Debug|Any CPU
		{3B0B49AA-E0C9-4841-B445-50D3F4017D6F}.Debug|Any CPU.Build.0 = Debug|Any CPU
		{3B0B49AA-E0C9-4841-B445-50D3F4017D6F}.Release|Any CPU.ActiveCfg = Release|Any CPU
		{3B0B49AA-E0C9-4841-B445-50D3F4017D6F}.Release|Any CPU.Build.0 = Release|Any CPU
		{524C4340-B6A2-46E8-AD1D-2264A6B3759B}.Debug|Any CPU.ActiveCfg = Debug|Any CPU
		{524C4340-B6A2-46E8-AD1D-2264A6B3759B}.Debug|Any CPU.Build.0 = Debug|Any CPU
		{524C4340-B6A2-46E8-AD1D-2264A6B3759B}.Release|Any CPU.ActiveCfg = Release|Any CPU
		{524C4340-B6A2-46E8-AD1D-2264A6B3759B}.Release|Any CPU.Build.0 = Release|Any CPU
		{F34F6B87-934F-48FC-8CEF-C89C1948FB9E}.Debug|Any CPU.ActiveCfg = Debug|Any CPU
		{F34F6B87-934F-48FC-8CEF-C89C1948FB9E}.Debug|Any CPU.Build.0 = Debug|Any CPU
		{F34F6B87-934F-48FC-8CEF-C89C1948FB9E}.Release|Any CPU.ActiveCfg = Release|Any CPU
		{F34F6B87-934F-48FC-8CEF-C89C1948FB9E}.Release|Any CPU.Build.0 = Release|Any CPU
		{2C9035B1-999B-4526-8949-6F1F8AF26786}.Debug|Any CPU.ActiveCfg = Debug|Any CPU
		{2C9035B1-999B-4526-8949-6F1F8AF26786}.Debug|Any CPU.Build.0 = Debug|Any CPU
		{2C9035B1-999B-4526-8949-6F1F8AF26786}.Release|Any CPU.ActiveCfg = Release|Any CPU
		{2C9035B1-999B-4526-8949-6F1F8AF26786}.Release|Any CPU.Build.0 = Release|Any CPU
		{355E4FC3-43CF-403F-80F4-A3355C79728F}.Debug|Any CPU.ActiveCfg = Debug|Any CPU
		{355E4FC3-43CF-403F-80F4-A3355C79728F}.Debug|Any CPU.Build.0 = Debug|Any CPU
		{355E4FC3-43CF-403F-80F4-A3355C79728F}.Release|Any CPU.ActiveCfg = Release|Any CPU
		{355E4FC3-43CF-403F-80F4-A3355C79728F}.Release|Any CPU.Build.0 = Release|Any CPU
		{CF66B220-5D1E-4565-A3A5-EB23271C2C9C}.Debug|Any CPU.ActiveCfg = Debug|Any CPU
		{CF66B220-5D1E-4565-A3A5-EB23271C2C9C}.Debug|Any CPU.Build.0 = Debug|Any CPU
		{CF66B220-5D1E-4565-A3A5-EB23271C2C9C}.Release|Any CPU.ActiveCfg = Release|Any CPU
		{CF66B220-5D1E-4565-A3A5-EB23271C2C9C}.Release|Any CPU.Build.0 = Release|Any CPU
		{6AB67DAF-D832-4771-96A5-77E859E1F33D}.Debug|Any CPU.ActiveCfg = Debug|Any CPU
		{6AB67DAF-D832-4771-96A5-77E859E1F33D}.Debug|Any CPU.Build.0 = Debug|Any CPU
		{6AB67DAF-D832-4771-96A5-77E859E1F33D}.Release|Any CPU.ActiveCfg = Release|Any CPU
		{6AB67DAF-D832-4771-96A5-77E859E1F33D}.Release|Any CPU.Build.0 = Release|Any CPU
		{6F451ECC-0DE3-42BD-9FC9-FF503993CE67}.Debug|Any CPU.ActiveCfg = Debug|Any CPU
		{6F451ECC-0DE3-42BD-9FC9-FF503993CE67}.Debug|Any CPU.Build.0 = Debug|Any CPU
		{6F451ECC-0DE3-42BD-9FC9-FF503993CE67}.Release|Any CPU.ActiveCfg = Release|Any CPU
		{6F451ECC-0DE3-42BD-9FC9-FF503993CE67}.Release|Any CPU.Build.0 = Release|Any CPU
		{5DB169C7-33E8-4A34-9D09-5F51DBA1F03A}.Debug|Any CPU.ActiveCfg = Debug|Any CPU
		{5DB169C7-33E8-4A34-9D09-5F51DBA1F03A}.Debug|Any CPU.Build.0 = Debug|Any CPU
		{5DB169C7-33E8-4A34-9D09-5F51DBA1F03A}.Release|Any CPU.ActiveCfg = Release|Any CPU
		{5DB169C7-33E8-4A34-9D09-5F51DBA1F03A}.Release|Any CPU.Build.0 = Release|Any CPU
		{92D57073-8D66-48B6-ACEC-A794509CF3DB}.Debug|Any CPU.ActiveCfg = Debug|Any CPU
		{92D57073-8D66-48B6-ACEC-A794509CF3DB}.Debug|Any CPU.Build.0 = Debug|Any CPU
		{92D57073-8D66-48B6-ACEC-A794509CF3DB}.Release|Any CPU.ActiveCfg = Release|Any CPU
		{92D57073-8D66-48B6-ACEC-A794509CF3DB}.Release|Any CPU.Build.0 = Release|Any CPU
		{66950838-FB18-469F-B4D1-53ADE289A45B}.Debug|Any CPU.ActiveCfg = Debug|Any CPU
		{66950838-FB18-469F-B4D1-53ADE289A45B}.Debug|Any CPU.Build.0 = Debug|Any CPU
		{66950838-FB18-469F-B4D1-53ADE289A45B}.Release|Any CPU.ActiveCfg = Release|Any CPU
		{66950838-FB18-469F-B4D1-53ADE289A45B}.Release|Any CPU.Build.0 = Release|Any CPU
		{90FF1E65-A424-48D2-BABC-3F229EC470E0}.Debug|Any CPU.ActiveCfg = Debug|Any CPU
		{90FF1E65-A424-48D2-BABC-3F229EC470E0}.Debug|Any CPU.Build.0 = Debug|Any CPU
		{90FF1E65-A424-48D2-BABC-3F229EC470E0}.Release|Any CPU.ActiveCfg = Release|Any CPU
		{90FF1E65-A424-48D2-BABC-3F229EC470E0}.Release|Any CPU.Build.0 = Release|Any CPU
		{08B3D5F8-9485-4E25-BC0B-A097D60E11F1}.Debug|Any CPU.ActiveCfg = Debug|Any CPU
		{08B3D5F8-9485-4E25-BC0B-A097D60E11F1}.Debug|Any CPU.Build.0 = Debug|Any CPU
		{08B3D5F8-9485-4E25-BC0B-A097D60E11F1}.Release|Any CPU.ActiveCfg = Release|Any CPU
		{08B3D5F8-9485-4E25-BC0B-A097D60E11F1}.Release|Any CPU.Build.0 = Release|Any CPU
		{2C6D8FB4-0242-44CF-8A26-50471B10D8EB}.Debug|Any CPU.ActiveCfg = Debug|Any CPU
		{2C6D8FB4-0242-44CF-8A26-50471B10D8EB}.Debug|Any CPU.Build.0 = Debug|Any CPU
		{2C6D8FB4-0242-44CF-8A26-50471B10D8EB}.Release|Any CPU.ActiveCfg = Release|Any CPU
		{2C6D8FB4-0242-44CF-8A26-50471B10D8EB}.Release|Any CPU.Build.0 = Release|Any CPU
		{E0C9B045-8D66-45F6-A48C-BDB35486DE0E}.Debug|Any CPU.ActiveCfg = Debug|Any CPU
		{E0C9B045-8D66-45F6-A48C-BDB35486DE0E}.Debug|Any CPU.Build.0 = Debug|Any CPU
		{E0C9B045-8D66-45F6-A48C-BDB35486DE0E}.Release|Any CPU.ActiveCfg = Release|Any CPU
		{E0C9B045-8D66-45F6-A48C-BDB35486DE0E}.Release|Any CPU.Build.0 = Release|Any CPU
		{1F06F5EE-5264-42D3-832D-11A6567DCF51}.Debug|Any CPU.ActiveCfg = Debug|Any CPU
		{1F06F5EE-5264-42D3-832D-11A6567DCF51}.Debug|Any CPU.Build.0 = Debug|Any CPU
		{1F06F5EE-5264-42D3-832D-11A6567DCF51}.Release|Any CPU.ActiveCfg = Release|Any CPU
		{1F06F5EE-5264-42D3-832D-11A6567DCF51}.Release|Any CPU.Build.0 = Release|Any CPU
		{A9253E80-963D-4CCE-8B48-394BBA288CB5}.Debug|Any CPU.ActiveCfg = Debug|Any CPU
		{A9253E80-963D-4CCE-8B48-394BBA288CB5}.Debug|Any CPU.Build.0 = Debug|Any CPU
		{A9253E80-963D-4CCE-8B48-394BBA288CB5}.Release|Any CPU.ActiveCfg = Release|Any CPU
		{A9253E80-963D-4CCE-8B48-394BBA288CB5}.Release|Any CPU.Build.0 = Release|Any CPU
		{2BFACDC3-F44D-4199-8498-F5C3C4AC0335}.Debug|Any CPU.ActiveCfg = Debug|Any CPU
		{2BFACDC3-F44D-4199-8498-F5C3C4AC0335}.Debug|Any CPU.Build.0 = Debug|Any CPU
		{2BFACDC3-F44D-4199-8498-F5C3C4AC0335}.Release|Any CPU.ActiveCfg = Release|Any CPU
		{2BFACDC3-F44D-4199-8498-F5C3C4AC0335}.Release|Any CPU.Build.0 = Release|Any CPU
		{E461C0A8-8900-485C-B520-E929BA33F712}.Debug|Any CPU.ActiveCfg = Debug|Any CPU
		{E461C0A8-8900-485C-B520-E929BA33F712}.Debug|Any CPU.Build.0 = Debug|Any CPU
		{E461C0A8-8900-485C-B520-E929BA33F712}.Release|Any CPU.ActiveCfg = Release|Any CPU
		{E461C0A8-8900-485C-B520-E929BA33F712}.Release|Any CPU.Build.0 = Release|Any CPU
	EndGlobalSection
	GlobalSection(SolutionProperties) = preSolution
		HideSolutionNode = FALSE
	EndGlobalSection
	GlobalSection(NestedProjects) = preSolution
		{617B52C2-C5EA-4D63-8024-1EC66286FDA4} = {172B89A3-18E5-4897-A41A-951D270DE1A7}
		{C3A337DB-2175-4E89-8C43-FAECD952B684} = {172B89A3-18E5-4897-A41A-951D270DE1A7}
		{E808DEEC-0F88-410D-A408-BFF16816D3B7} = {172B89A3-18E5-4897-A41A-951D270DE1A7}
		{701CC0CE-0001-44DA-BA48-D0B4C32F3A4E} = {172B89A3-18E5-4897-A41A-951D270DE1A7}
		{3B0B49AA-E0C9-4841-B445-50D3F4017D6F} = {172B89A3-18E5-4897-A41A-951D270DE1A7}
		{524C4340-B6A2-46E8-AD1D-2264A6B3759B} = {60D665AA-59D2-472C-B50E-83E5EF4B0D7D}
		{F34F6B87-934F-48FC-8CEF-C89C1948FB9E} = {60D665AA-59D2-472C-B50E-83E5EF4B0D7D}
		{2C9035B1-999B-4526-8949-6F1F8AF26786} = {60D665AA-59D2-472C-B50E-83E5EF4B0D7D}
		{355E4FC3-43CF-403F-80F4-A3355C79728F} = {60D665AA-59D2-472C-B50E-83E5EF4B0D7D}
		{CF66B220-5D1E-4565-A3A5-EB23271C2C9C} = {F5276E0E-F924-4C33-AA95-52B7D9C33CD0}
		{6AB67DAF-D832-4771-96A5-77E859E1F33D} = {F5276E0E-F924-4C33-AA95-52B7D9C33CD0}
		{6F451ECC-0DE3-42BD-9FC9-FF503993CE67} = {05CC4381-6906-4812-AF20-B807C5024842}
		{5DB169C7-33E8-4A34-9D09-5F51DBA1F03A} = {05CC4381-6906-4812-AF20-B807C5024842}
		{92D57073-8D66-48B6-ACEC-A794509CF3DB} = {05CC4381-6906-4812-AF20-B807C5024842}
		{66950838-FB18-469F-B4D1-53ADE289A45B} = {05CC4381-6906-4812-AF20-B807C5024842}
		{90FF1E65-A424-48D2-BABC-3F229EC470E0} = {CBE922C4-271D-4141-9881-6AF1A9C77A12}
		{08B3D5F8-9485-4E25-BC0B-A097D60E11F1} = {CBE922C4-271D-4141-9881-6AF1A9C77A12}
		{2C6D8FB4-0242-44CF-8A26-50471B10D8EB} = {2A18FA80-1817-4E09-B1BF-DBADB563553B}
		{E0C9B045-8D66-45F6-A48C-BDB35486DE0E} = {2A18FA80-1817-4E09-B1BF-DBADB563553B}
		{1F06F5EE-5264-42D3-832D-11A6567DCF51} = {2A18FA80-1817-4E09-B1BF-DBADB563553B}
		{A9253E80-963D-4CCE-8B48-394BBA288CB5} = {2A18FA80-1817-4E09-B1BF-DBADB563553B}
		{2BFACDC3-F44D-4199-8498-F5C3C4AC0335} = {3A3BDEE7-EAB3-40DA-8F98-7EF75E9430C6}
		{E461C0A8-8900-485C-B520-E929BA33F712} = {3A3BDEE7-EAB3-40DA-8F98-7EF75E9430C6}
	EndGlobalSection
	GlobalSection(ExtensibilityGlobals) = postSolution
		SolutionGuid = {7CE99FCD-730F-486C-B9A3-6574C40AE9EA}
	EndGlobalSection
EndGlobal
